
Microsoft Visual Studio Solution File, Format Version 12.00
# Visual Studio Version 16
VisualStudioVersion = 16.0.33214.272
MinimumVisualStudioVersion = 10.0.40219.1
Project("{FAE04EC0-301F-11D3-BF4B-00C04F79EFBC}") = "Week7", "Week7.csproj", "{0B41BB3F-79B1-490C-BE73-1284771675ED}"
EndProject
Global
	GlobalSection(SolutionConfigurationPlatforms) = preSolution
		Debug|Any CPU = Debug|Any CPU
		Release|Any CPU = Release|Any CPU
	EndGlobalSection
	GlobalSection(ProjectConfigurationPlatforms) = postSolution
		{0B41BB3F-79B1-490C-BE73-1284771675ED}.Debug|Any CPU.ActiveCfg = Debug|Any CPU
		{0B41BB3F-79B1-490C-BE73-1284771675ED}.Debug|Any CPU.Build.0 = Debug|Any CPU
		{0B41BB3F-79B1-490C-BE73-1284771675ED}.Release|Any CPU.ActiveCfg = Release|Any CPU
		{0B41BB3F-79B1-490C-BE73-1284771675ED}.Release|Any CPU.Build.0 = Release|Any CPU
	EndGlobalSection
	GlobalSection(SolutionProperties) = preSolution
		HideSolutionNode = FALSE
	EndGlobalSection
	GlobalSection(ExtensibilityGlobals) = postSolution
		SolutionGuid = {5FBAAA4C-3905-4373-ACA9-FE6DF1A9A8ED}
	EndGlobalSection
EndGlobal
